// !$*UTF8*$!
{
	archiveVersion = 1;
	classes = {
	};
	objectVersion = 46;
	objects = {

/* Begin PBXBuildFile section */
		CEBEDEE31CDD220100A81DD3 /* AppDelegate.swift in Sources */ = {isa = PBXBuildFile; fileRef = CEBEDEE21CDD220100A81DD3 /* AppDelegate.swift */; };
		CEBEDEE51CDD220100A81DD3 /* ViewController.swift in Sources */ = {isa = PBXBuildFile; fileRef = CEBEDEE41CDD220100A81DD3 /* ViewController.swift */; };
		CEBEDEE81CDD220100A81DD3 /* Main.storyboard in Resources */ = {isa = PBXBuildFile; fileRef = CEBEDEE61CDD220100A81DD3 /* Main.storyboard */; };
		CEBEDEEA1CDD220100A81DD3 /* Assets.xcassets in Resources */ = {isa = PBXBuildFile; fileRef = CEBEDEE91CDD220100A81DD3 /* Assets.xcassets */; };
		CEBEDEED1CDD220100A81DD3 /* LaunchScreen.storyboard in Resources */ = {isa = PBXBuildFile; fileRef = CEBEDEEB1CDD220100A81DD3 /* LaunchScreen.storyboard */; };
		CEBEDEF81CDD220100A81DD3 /* Potions_AppTests.swift in Sources */ = {isa = PBXBuildFile; fileRef = CEBEDEF71CDD220100A81DD3 /* Potions_AppTests.swift */; };
		CEBEDF031CDD23D700A81DD3 /* ListDetailViewController.swift in Sources */ = {isa = PBXBuildFile; fileRef = CEBEDF021CDD23D700A81DD3 /* ListDetailViewController.swift */; };
/* End PBXBuildFile section */

/* Begin PBXContainerItemProxy section */
		CEBEDEF41CDD220100A81DD3 /* PBXContainerItemProxy */ = {
			isa = PBXContainerItemProxy;
			containerPortal = CEBEDED71CDD220100A81DD3 /* Project object */;
			proxyType = 1;
			remoteGlobalIDString = CEBEDEDE1CDD220100A81DD3;
			remoteInfo = "Potions App";
		};
/* End PBXContainerItemProxy section */

/* Begin PBXFileReference section */
		CEBEDEDF1CDD220100A81DD3 /* PotionsApp.app */ = {isa = PBXFileReference; explicitFileType = wrapper.application; includeInIndex = 0; path = PotionsApp.app; sourceTree = BUILT_PRODUCTS_DIR; };
		CEBEDEE21CDD220100A81DD3 /* AppDelegate.swift */ = {isa = PBXFileReference; lastKnownFileType = sourcecode.swift; path = AppDelegate.swift; sourceTree = "<group>"; };
		CEBEDEE41CDD220100A81DD3 /* ViewController.swift */ = {isa = PBXFileReference; lastKnownFileType = sourcecode.swift; path = ViewController.swift; sourceTree = "<group>"; };
		CEBEDEE71CDD220100A81DD3 /* Base */ = {isa = PBXFileReference; lastKnownFileType = file.storyboard; name = Base; path = Base.lproj/Main.storyboard; sourceTree = "<group>"; };
		CEBEDEE91CDD220100A81DD3 /* Assets.xcassets */ = {isa = PBXFileReference; lastKnownFileType = folder.assetcatalog; path = Assets.xcassets; sourceTree = "<group>"; };
		CEBEDEEC1CDD220100A81DD3 /* Base */ = {isa = PBXFileReference; lastKnownFileType = file.storyboard; name = Base; path = Base.lproj/LaunchScreen.storyboard; sourceTree = "<group>"; };
		CEBEDEEE1CDD220100A81DD3 /* Info.plist */ = {isa = PBXFileReference; lastKnownFileType = text.plist.xml; path = Info.plist; sourceTree = "<group>"; };
		CEBEDEF31CDD220100A81DD3 /* PotionsApp.xctest */ = {isa = PBXFileReference; explicitFileType = wrapper.cfbundle; includeInIndex = 0; path = PotionsApp.xctest; sourceTree = BUILT_PRODUCTS_DIR; };
		CEBEDEF71CDD220100A81DD3 /* Potions_AppTests.swift */ = {isa = PBXFileReference; lastKnownFileType = sourcecode.swift; path = Potions_AppTests.swift; sourceTree = "<group>"; };
		CEBEDEF91CDD220100A81DD3 /* Info.plist */ = {isa = PBXFileReference; lastKnownFileType = text.plist.xml; path = Info.plist; sourceTree = "<group>"; };
		CEBEDF021CDD23D700A81DD3 /* ListDetailViewController.swift */ = {isa = PBXFileReference; fileEncoding = 4; lastKnownFileType = sourcecode.swift; path = ListDetailViewController.swift; sourceTree = "<group>"; };
/* End PBXFileReference section */

/* Begin PBXFrameworksBuildPhase section */
		CEBEDEDC1CDD220100A81DD3 /* Frameworks */ = {
			isa = PBXFrameworksBuildPhase;
			buildActionMask = 2147483647;
			files = (
			);
			runOnlyForDeploymentPostprocessing = 0;
		};
		CEBEDEF01CDD220100A81DD3 /* Frameworks */ = {
			isa = PBXFrameworksBuildPhase;
			buildActionMask = 2147483647;
			files = (
			);
			runOnlyForDeploymentPostprocessing = 0;
		};
/* End PBXFrameworksBuildPhase section */

/* Begin PBXGroup section */
		CEBEDED61CDD220100A81DD3 = {
			isa = PBXGroup;
			children = (
				CEBEDEE11CDD220100A81DD3 /* Potions App */,
				CEBEDEF61CDD220100A81DD3 /* Potions AppTests */,
				CEBEDEE01CDD220100A81DD3 /* Products */,
			);
			sourceTree = "<group>";
		};
		CEBEDEE01CDD220100A81DD3 /* Products */ = {
			isa = PBXGroup;
			children = (
				CEBEDEDF1CDD220100A81DD3 /* PotionsApp.app */,
				CEBEDEF31CDD220100A81DD3 /* PotionsApp.xctest */,
			);
			name = Products;
			sourceTree = "<group>";
		};
		CEBEDEE11CDD220100A81DD3 /* Potions App */ = {
			isa = PBXGroup;
			children = (
				CEBEDEE21CDD220100A81DD3 /* AppDelegate.swift */,
				CEBEDEE41CDD220100A81DD3 /* ViewController.swift */,
				CEBEDF021CDD23D700A81DD3 /* ListDetailViewController.swift */,
				CEBEDEE61CDD220100A81DD3 /* Main.storyboard */,
				CEBEDEE91CDD220100A81DD3 /* Assets.xcassets */,
				CEBEDEEB1CDD220100A81DD3 /* LaunchScreen.storyboard */,
				CEBEDEEE1CDD220100A81DD3 /* Info.plist */,
			);
			path = "Potions App";
			sourceTree = "<group>";
		};
		CEBEDEF61CDD220100A81DD3 /* Potions AppTests */ = {
			isa = PBXGroup;
			children = (
				CEBEDEF71CDD220100A81DD3 /* Potions_AppTests.swift */,
				CEBEDEF91CDD220100A81DD3 /* Info.plist */,
			);
			path = "Potions AppTests";
			sourceTree = "<group>";
		};
/* End PBXGroup section */

/* Begin PBXNativeTarget section */
		CEBEDEDE1CDD220100A81DD3 /* PotionsApp */ = {
			isa = PBXNativeTarget;
			buildConfigurationList = CEBEDEFC1CDD220100A81DD3 /* Build configuration list for PBXNativeTarget "PotionsApp" */;
			buildPhases = (
				CEBEDEDB1CDD220100A81DD3 /* Sources */,
				CEBEDEDC1CDD220100A81DD3 /* Frameworks */,
				CEBEDEDD1CDD220100A81DD3 /* Resources */,
			);
			buildRules = (
			);
			dependencies = (
			);
			name = PotionsApp;
			productName = "Potions App";
			productReference = CEBEDEDF1CDD220100A81DD3 /* PotionsApp.app */;
			productType = "com.apple.product-type.application";
		};
		CEBEDEF21CDD220100A81DD3 /* PotionsAppTests */ = {
			isa = PBXNativeTarget;
			buildConfigurationList = CEBEDEFF1CDD220100A81DD3 /* Build configuration list for PBXNativeTarget "PotionsAppTests" */;
			buildPhases = (
				CEBEDEEF1CDD220100A81DD3 /* Sources */,
				CEBEDEF01CDD220100A81DD3 /* Frameworks */,
				CEBEDEF11CDD220100A81DD3 /* Resources */,
			);
			buildRules = (
			);
			dependencies = (
				CEBEDEF51CDD220100A81DD3 /* PBXTargetDependency */,
			);
			name = PotionsAppTests;
			productName = "Potions AppTests";
			productReference = CEBEDEF31CDD220100A81DD3 /* PotionsApp.xctest */;
			productType = "com.apple.product-type.bundle.unit-test";
		};
/* End PBXNativeTarget section */

/* Begin PBXProject section */
		CEBEDED71CDD220100A81DD3 /* Project object */ = {
			isa = PBXProject;
			attributes = {
				LastSwiftUpdateCheck = 0730;
				LastUpgradeCheck = 0730;
				ORGANIZATIONNAME = "Danial Taylor";
				TargetAttributes = {
					CEBEDEDE1CDD220100A81DD3 = {
						CreatedOnToolsVersion = 7.3;
					};
					CEBEDEF21CDD220100A81DD3 = {
						CreatedOnToolsVersion = 7.3;
						TestTargetID = CEBEDEDE1CDD220100A81DD3;
					};
				};
			};
			buildConfigurationList = CEBEDEDA1CDD220100A81DD3 /* Build configuration list for PBXProject "PotionsApp" */;
			compatibilityVersion = "Xcode 3.2";
			developmentRegion = English;
			hasScannedForEncodings = 0;
			knownRegions = (
				en,
				Base,
			);
			mainGroup = CEBEDED61CDD220100A81DD3;
			productRefGroup = CEBEDEE01CDD220100A81DD3 /* Products */;
			projectDirPath = "";
			projectRoot = "";
			targets = (
				CEBEDEDE1CDD220100A81DD3 /* PotionsApp */,
				CEBEDEF21CDD220100A81DD3 /* PotionsAppTests */,
			);
		};
/* End PBXProject section */

/* Begin PBXResourcesBuildPhase section */
		CEBEDEDD1CDD220100A81DD3 /* Resources */ = {
			isa = PBXResourcesBuildPhase;
			buildActionMask = 2147483647;
			files = (
				CEBEDEED1CDD220100A81DD3 /* LaunchScreen.storyboard in Resources */,
				CEBEDEEA1CDD220100A81DD3 /* Assets.xcassets in Resources */,
				CEBEDEE81CDD220100A81DD3 /* Main.storyboard in Resources */,
			);
			runOnlyForDeploymentPostprocessing = 0;
		};
		CEBEDEF11CDD220100A81DD3 /* Resources */ = {
			isa = PBXResourcesBuildPhase;
			buildActionMask = 2147483647;
			files = (
			);
			runOnlyForDeploymentPostprocessing = 0;
		};
/* End PBXResourcesBuildPhase section */

/* Begin PBXSourcesBuildPhase section */
		CEBEDEDB1CDD220100A81DD3 /* Sources */ = {
			isa = PBXSourcesBuildPhase;
			buildActionMask = 2147483647;
			files = (
				CEBEDF031CDD23D700A81DD3 /* ListDetailViewController.swift in Sources */,
				CEBEDEE51CDD220100A81DD3 /* ViewController.swift in Sources */,
				CEBEDEE31CDD220100A81DD3 /* AppDelegate.swift in Sources */,
			);
			runOnlyForDeploymentPostprocessing = 0;
		};
		CEBEDEEF1CDD220100A81DD3 /* Sources */ = {
			isa = PBXSourcesBuildPhase;
			buildActionMask = 2147483647;
			files = (
				CEBEDEF81CDD220100A81DD3 /* Potions_AppTests.swift in Sources */,
			);
			runOnlyForDeploymentPostprocessing = 0;
		};
/* End PBXSourcesBuildPhase section */

/* Begin PBXTargetDependency section */
		CEBEDEF51CDD220100A81DD3 /* PBXTargetDependency */ = {
			isa = PBXTargetDependency;
			target = CEBEDEDE1CDD220100A81DD3 /* PotionsApp */;
			targetProxy = CEBEDEF41CDD220100A81DD3 /* PBXContainerItemProxy */;
		};
/* End PBXTargetDependency section */

/* Begin PBXVariantGroup section */
		CEBEDEE61CDD220100A81DD3 /* Main.storyboard */ = {
			isa = PBXVariantGroup;
			children = (
				CEBEDEE71CDD220100A81DD3 /* Base */,
			);
			name = Main.storyboard;
			sourceTree = "<group>";
		};
		CEBEDEEB1CDD220100A81DD3 /* LaunchScreen.storyboard */ = {
			isa = PBXVariantGroup;
			children = (
				CEBEDEEC1CDD220100A81DD3 /* Base */,
			);
			name = LaunchScreen.storyboard;
			sourceTree = "<group>";
		};
/* End PBXVariantGroup section */

/* Begin XCBuildConfiguration section */
		CEBEDEFA1CDD220100A81DD3 /* Debug */ = {
			isa = XCBuildConfiguration;
			buildSettings = {
				ALWAYS_SEARCH_USER_PATHS = NO;
				CLANG_ANALYZER_NONNULL = YES;
				CLANG_CXX_LANGUAGE_STANDARD = "gnu++0x";
				CLANG_CXX_LIBRARY = "libc++";
				CLANG_ENABLE_MODULES = YES;
				CLANG_ENABLE_OBJC_ARC = YES;
				CLANG_WARN_BOOL_CONVERSION = YES;
				CLANG_WARN_CONSTANT_CONVERSION = YES;
				CLANG_WARN_DIRECT_OBJC_ISA_USAGE = YES_ERROR;
				CLANG_WARN_EMPTY_BODY = YES;
				CLANG_WARN_ENUM_CONVERSION = YES;
				CLANG_WARN_INT_CONVERSION = YES;
				CLANG_WARN_OBJC_ROOT_CLASS = YES_ERROR;
				CLANG_WARN_UNREACHABLE_CODE = YES;
				CLANG_WARN__DUPLICATE_METHOD_MATCH = YES;
				"CODE_SIGN_IDENTITY[sdk=iphoneos*]" = "iPhone Developer";
				COPY_PHASE_STRIP = NO;
				DEBUG_INFORMATION_FORMAT = dwarf;
				ENABLE_STRICT_OBJC_MSGSEND = YES;
				ENABLE_TESTABILITY = YES;
				GCC_C_LANGUAGE_STANDARD = gnu99;
				GCC_DYNAMIC_NO_PIC = NO;
				GCC_NO_COMMON_BLOCKS = YES;
				GCC_OPTIMIZATION_LEVEL = 0;
				GCC_PREPROCESSOR_DEFINITIONS = (
					"DEBUG=1",
					"$(inherited)",
				);
				GCC_WARN_64_TO_32_BIT_CONVERSION = YES;
				GCC_WARN_ABOUT_RETURN_TYPE = YES_ERROR;
				GCC_WARN_UNDECLARED_SELECTOR = YES;
				GCC_WARN_UNINITIALIZED_AUTOS = YES_AGGRESSIVE;
				GCC_WARN_UNUSED_FUNCTION = YES;
				GCC_WARN_UNUSED_VARIABLE = YES;
				IPHONEOS_DEPLOYMENT_TARGET = 9.3;
				MTL_ENABLE_DEBUG_INFO = YES;
				ONLY_ACTIVE_ARCH = YES;
				SDKROOT = iphoneos;
				SWIFT_OPTIMIZATION_LEVEL = "-Onone";
			};
			name = Debug;
		};
		CEBEDEFB1CDD220100A81DD3 /* Release */ = {
			isa = XCBuildConfiguration;
			buildSettings = {
				ALWAYS_SEARCH_USER_PATHS = NO;
				CLANG_ANALYZER_NONNULL = YES;
				CLANG_CXX_LANGUAGE_STANDARD = "gnu++0x";
				CLANG_CXX_LIBRARY = "libc++";
				CLANG_ENABLE_MODULES = YES;
				CLANG_ENABLE_OBJC_ARC = YES;
				CLANG_WARN_BOOL_CONVERSION = YES;
				CLANG_WARN_CONSTANT_CONVERSION = YES;
				CLANG_WARN_DIRECT_OBJC_ISA_USAGE = YES_ERROR;
				CLANG_WARN_EMPTY_BODY = YES;
				CLANG_WARN_ENUM_CONVERSION = YES;
				CLANG_WARN_INT_CONVERSION = YES;
				CLANG_WARN_OBJC_ROOT_CLASS = YES_ERROR;
				CLANG_WARN_UNREACHABLE_CODE = YES;
				CLANG_WARN__DUPLICATE_METHOD_MATCH = YES;
				"CODE_SIGN_IDENTITY[sdk=iphoneos*]" = "iPhone Developer";
				COPY_PHASE_STRIP = NO;
				DEBUG_INFORMATION_FORMAT = "dwarf-with-dsym";
				ENABLE_NS_ASSERTIONS = NO;
				ENABLE_STRICT_OBJC_MSGSEND = YES;
				GCC_C_LANGUAGE_STANDARD = gnu99;
				GCC_NO_COMMON_BLOCKS = YES;
				GCC_WARN_64_TO_32_BIT_CONVERSION = YES;
				GCC_WARN_ABOUT_RETURN_TYPE = YES_ERROR;
				GCC_WARN_UNDECLARED_SELECTOR = YES;
				GCC_WARN_UNINITIALIZED_AUTOS = YES_AGGRESSIVE;
				GCC_WARN_UNUSED_FUNCTION = YES;
				GCC_WARN_UNUSED_VARIABLE = YES;
				IPHONEOS_DEPLOYMENT_TARGET = 9.3;
				MTL_ENABLE_DEBUG_INFO = NO;
				SDKROOT = iphoneos;
				VALIDATE_PRODUCT = YES;
			};
			name = Release;
		};
		CEBEDEFD1CDD220100A81DD3 /* Debug */ = {
			isa = XCBuildConfiguration;
			buildSettings = {
				ASSETCATALOG_COMPILER_APPICON_NAME = AppIcon;
				INFOPLIST_FILE = "Potions App/Info.plist";
				LD_RUNPATH_SEARCH_PATHS = "$(inherited) @executable_path/Frameworks";
				PRODUCT_BUNDLE_IDENTIFIER = "com.yourcompany.Potions-App";
				PRODUCT_NAME = PotionsApp;
			};
			name = Debug;
		};
		CEBEDEFE1CDD220100A81DD3 /* Release */ = {
			isa = XCBuildConfiguration;
			buildSettings = {
				ASSETCATALOG_COMPILER_APPICON_NAME = AppIcon;
				INFOPLIST_FILE = "Potions App/Info.plist";
				LD_RUNPATH_SEARCH_PATHS = "$(inherited) @executable_path/Frameworks";
				PRODUCT_BUNDLE_IDENTIFIER = "com.yourcompany.Potions-App";
				PRODUCT_NAME = PotionsApp;
			};
			name = Release;
		};
		CEBEDF001CDD220100A81DD3 /* Debug */ = {
			isa = XCBuildConfiguration;
			buildSettings = {
				BUNDLE_LOADER = "$(TEST_HOST)";
				INFOPLIST_FILE = "Potions AppTests/Info.plist";
				LD_RUNPATH_SEARCH_PATHS = "$(inherited) @executable_path/Frameworks @loader_path/Frameworks";
				PRODUCT_BUNDLE_IDENTIFIER = "com.yourcompany.Potions-AppTests";
				PRODUCT_NAME = PotionsApp;
				TEST_HOST = "$(BUILT_PRODUCTS_DIR)/PotionsApp.app/PotionsApp";
			};
			name = Debug;
		};
		CEBEDF011CDD220100A81DD3 /* Release */ = {
			isa = XCBuildConfiguration;
			buildSettings = {
				BUNDLE_LOADER = "$(TEST_HOST)";
				INFOPLIST_FILE = "Potions AppTests/Info.plist";
				LD_RUNPATH_SEARCH_PATHS = "$(inherited) @executable_path/Frameworks @loader_path/Frameworks";
				PRODUCT_BUNDLE_IDENTIFIER = "com.yourcompany.Potions-AppTests";
				PRODUCT_NAME = PotionsApp;
				TEST_HOST = "$(BUILT_PRODUCTS_DIR)/PotionsApp.app/PotionsApp";
			};
			name = Release;
		};
/* End XCBuildConfiguration section */

/* Begin XCConfigurationList section */
		CEBEDEDA1CDD220100A81DD3 /* Build configuration list for PBXProject "PotionsApp" */ = {
			isa = XCConfigurationList;
			buildConfigurations = (
				CEBEDEFA1CDD220100A81DD3 /* Debug */,
				CEBEDEFB1CDD220100A81DD3 /* Release */,
			);
			defaultConfigurationIsVisible = 0;
			defaultConfigurationName = Release;
		};
		CEBEDEFC1CDD220100A81DD3 /* Build configuration list for PBXNativeTarget "PotionsApp" */ = {
			isa = XCConfigurationList;
			buildConfigurations = (
				CEBEDEFD1CDD220100A81DD3 /* Debug */,
				CEBEDEFE1CDD220100A81DD3 /* Release */,
			);
			defaultConfigurationIsVisible = 0;
			defaultConfigurationName = Release;
		};
		CEBEDEFF1CDD220100A81DD3 /* Build configuration list for PBXNativeTarget "PotionsAppTests" */ = {
			isa = XCConfigurationList;
			buildConfigurations = (
				CEBEDF001CDD220100A81DD3 /* Debug */,
				CEBEDF011CDD220100A81DD3 /* Release */,
			);
			defaultConfigurationIsVisible = 0;
			defaultConfigurationName = Release;
		};
/* End XCConfigurationList section */
	};
	rootObject = CEBEDED71CDD220100A81DD3 /* Project object */;
}
